
Microsoft Visual Studio Solution File, Format Version 12.00
# Visual Studio 14
VisualStudioVersion = 14.0.25420.1
MinimumVisualStudioVersion = 10.0.40219.1
Project("{FAE04EC0-301F-11D3-BF4B-00C04F79EFBC}") = "Fonction", "Fonction\Fonction.csproj", "{D7CB9EB8-6AEF-4973-A446-0E0DB4B44FB1}"
EndProject
Project("{FAE04EC0-301F-11D3-BF4B-00C04F79EFBC}") = "TestFonction", "TestFonction\TestFonction.csproj", "{72F76BE7-7FBF-4990-996C-C47D98EF8552}"
EndProject
Global
	GlobalSection(SolutionConfigurationPlatforms) = preSolution
		Debug|Any CPU = Debug|Any CPU
		Release|Any CPU = Release|Any CPU
	EndGlobalSection
	GlobalSection(ProjectConfigurationPlatforms) = postSolution
		{D7CB9EB8-6AEF-4973-A446-0E0DB4B44FB1}.Debug|Any CPU.ActiveCfg = Debug|Any CPU
		{D7CB9EB8-6AEF-4973-A446-0E0DB4B44FB1}.Debug|Any CPU.Build.0 = Debug|Any CPU
		{D7CB9EB8-6AEF-4973-A446-0E0DB4B44FB1}.Release|Any CPU.ActiveCfg = Release|Any CPU
		{D7CB9EB8-6AEF-4973-A446-0E0DB4B44FB1}.Release|Any CPU.Build.0 = Release|Any CPU
		{72F76BE7-7FBF-4990-996C-C47D98EF8552}.Debug|Any CPU.ActiveCfg = Debug|Any CPU
		{72F76BE7-7FBF-4990-996C-C47D98EF8552}.Debug|Any CPU.Build.0 = Debug|Any CPU
		{72F76BE7-7FBF-4990-996C-C47D98EF8552}.Release|Any CPU.ActiveCfg = Release|Any CPU
		{72F76BE7-7FBF-4990-996C-C47D98EF8552}.Release|Any CPU.Build.0 = Release|Any CPU
	EndGlobalSection
	GlobalSection(SolutionProperties) = preSolution
		HideSolutionNode = FALSE
	EndGlobalSection
EndGlobal
