
Microsoft Visual Studio Solution File, Format Version 12.00
# Visual Studio 14
VisualStudioVersion = 14.0.25420.1
MinimumVisualStudioVersion = 10.0.40219.1
Project("{FAE04EC0-301F-11D3-BF4B-00C04F79EFBC}") = "TPS", "ConsoleApplication1\TPS.csproj", "{5DF5B1B3-9751-4090-8301-4CF7CA6B7E3E}"
EndProject
Project("{FAE04EC0-301F-11D3-BF4B-00C04F79EFBC}") = "QCM", "QCM\QCM.csproj", "{A76F7437-A9A2-4CDA-82ED-5CE74518631F}"
EndProject
Project("{FAE04EC0-301F-11D3-BF4B-00C04F79EFBC}") = "BlindTest", "BlindTest\BlindTest.csproj", "{AACC0FDA-E9B9-4C51-A195-C181BA11AC82}"
EndProject
Global
	GlobalSection(SolutionConfigurationPlatforms) = preSolution
		Debug|Any CPU = Debug|Any CPU
		Release|Any CPU = Release|Any CPU
	EndGlobalSection
	GlobalSection(ProjectConfigurationPlatforms) = postSolution
		{5DF5B1B3-9751-4090-8301-4CF7CA6B7E3E}.Debug|Any CPU.ActiveCfg = Debug|Any CPU
		{5DF5B1B3-9751-4090-8301-4CF7CA6B7E3E}.Debug|Any CPU.Build.0 = Debug|Any CPU
		{5DF5B1B3-9751-4090-8301-4CF7CA6B7E3E}.Release|Any CPU.ActiveCfg = Release|Any CPU
		{5DF5B1B3-9751-4090-8301-4CF7CA6B7E3E}.Release|Any CPU.Build.0 = Release|Any CPU
		{A76F7437-A9A2-4CDA-82ED-5CE74518631F}.Debug|Any CPU.ActiveCfg = Debug|Any CPU
		{A76F7437-A9A2-4CDA-82ED-5CE74518631F}.Debug|Any CPU.Build.0 = Debug|Any CPU
		{A76F7437-A9A2-4CDA-82ED-5CE74518631F}.Release|Any CPU.ActiveCfg = Release|Any CPU
		{A76F7437-A9A2-4CDA-82ED-5CE74518631F}.Release|Any CPU.Build.0 = Release|Any CPU
		{AACC0FDA-E9B9-4C51-A195-C181BA11AC82}.Debug|Any CPU.ActiveCfg = Debug|Any CPU
		{AACC0FDA-E9B9-4C51-A195-C181BA11AC82}.Debug|Any CPU.Build.0 = Debug|Any CPU
		{AACC0FDA-E9B9-4C51-A195-C181BA11AC82}.Release|Any CPU.ActiveCfg = Release|Any CPU
		{AACC0FDA-E9B9-4C51-A195-C181BA11AC82}.Release|Any CPU.Build.0 = Release|Any CPU
	EndGlobalSection
	GlobalSection(SolutionProperties) = preSolution
		HideSolutionNode = FALSE
	EndGlobalSection
EndGlobal
